
Microsoft Visual Studio Solution File, Format Version 12.00
# Visual Studio Version 17
VisualStudioVersion = 17.10.35013.160
MinimumVisualStudioVersion = 10.0.40219.1
Project("{FAE04EC0-301F-11D3-BF4B-00C04F79EFBC}") = "D12A", "D12A.csproj", "{6365D31E-3262-4FAE-BC32-3D1C30E6EE51}"
EndProject
Global
	GlobalSection(SolutionConfigurationPlatforms) = preSolution
		Debug|Any CPU = Debug|Any CPU
		Release|Any CPU = Release|Any CPU
	EndGlobalSection
	GlobalSection(ProjectConfigurationPlatforms) = postSolution
		{6365D31E-3262-4FAE-BC32-3D1C30E6EE51}.Debug|Any CPU.ActiveCfg = Debug|Any CPU
		{6365D31E-3262-4FAE-BC32-3D1C30E6EE51}.Debug|Any CPU.Build.0 = Debug|Any CPU
		{6365D31E-3262-4FAE-BC32-3D1C30E6EE51}.Release|Any CPU.ActiveCfg = Release|Any CPU
		{6365D31E-3262-4FAE-BC32-3D1C30E6EE51}.Release|Any CPU.Build.0 = Release|Any CPU
	EndGlobalSection
	GlobalSection(SolutionProperties) = preSolution
		HideSolutionNode = FALSE
	EndGlobalSection
	GlobalSection(ExtensibilityGlobals) = postSolution
		SolutionGuid = {3AFEA9AD-E302-4028-8E01-3E6754F83617}
	EndGlobalSection
EndGlobal
